
Microsoft Visual Studio Solution File, Format Version 11.00
# Visual Studio 2010
Project("{FAE04EC0-301F-11D3-BF4B-00C04F79EFBC}") = "CQ_APP", "Assembly-CSharp.csproj", "{6ECB6C99-0B29-C68C-7513-64A778ECEA2A}"
EndProject
Project("{FAE04EC0-301F-11D3-BF4B-00C04F79EFBC}") = "CQ_APP", "Assembly-CSharp-Editor.csproj", "{C1E88A1B-6338-7350-D74F-C39EB4E7BDE5}"
EndProject
Global
	GlobalSection(SolutionConfigurationPlatforms) = preSolution
		Debug|Any CPU = Debug|Any CPU
		Release|Any CPU = Release|Any CPU
	EndGlobalSection
	GlobalSection(ProjectConfigurationPlatforms) = postSolution
		{6ECB6C99-0B29-C68C-7513-64A778ECEA2A}.Debug|Any CPU.ActiveCfg = Debug|Any CPU
		{6ECB6C99-0B29-C68C-7513-64A778ECEA2A}.Debug|Any CPU.Build.0 = Debug|Any CPU
		{6ECB6C99-0B29-C68C-7513-64A778ECEA2A}.Release|Any CPU.ActiveCfg = Release|Any CPU
		{6ECB6C99-0B29-C68C-7513-64A778ECEA2A}.Release|Any CPU.Build.0 = Release|Any CPU
		{C1E88A1B-6338-7350-D74F-C39EB4E7BDE5}.Debug|Any CPU.ActiveCfg = Debug|Any CPU
		{C1E88A1B-6338-7350-D74F-C39EB4E7BDE5}.Debug|Any CPU.Build.0 = Debug|Any CPU
		{C1E88A1B-6338-7350-D74F-C39EB4E7BDE5}.Release|Any CPU.ActiveCfg = Release|Any CPU
		{C1E88A1B-6338-7350-D74F-C39EB4E7BDE5}.Release|Any CPU.Build.0 = Release|Any CPU
	EndGlobalSection
	GlobalSection(SolutionProperties) = preSolution
		HideSolutionNode = FALSE
	EndGlobalSection
	GlobalSection(MonoDevelopProperties) = preSolution
		StartupItem = Assembly-CSharp.csproj
	EndGlobalSection
EndGlobal
